
Microsoft Visual Studio Solution File, Format Version 12.00
# Visual Studio Version 17
VisualStudioVersion = 17.14.36408.4 d17.14
MinimumVisualStudioVersion = 10.0.40219.1
Project("{FAE04EC0-301F-11D3-BF4B-00C04F79EFBC}") = "20. Do while loops 4", "20. Do while loops 4\20. Do while loops 4.csproj", "{3D8BE110-CAF9-48B9-B4BC-0097A8E31D2E}"
EndProject
Global
	GlobalSection(SolutionConfigurationPlatforms) = preSolution
		Debug|Any CPU = Debug|Any CPU
		Release|Any CPU = Release|Any CPU
	EndGlobalSection
	GlobalSection(ProjectConfigurationPlatforms) = postSolution
		{3D8BE110-CAF9-48B9-B4BC-0097A8E31D2E}.Debug|Any CPU.ActiveCfg = Debug|Any CPU
		{3D8BE110-CAF9-48B9-B4BC-0097A8E31D2E}.Debug|Any CPU.Build.0 = Debug|Any CPU
		{3D8BE110-CAF9-48B9-B4BC-0097A8E31D2E}.Release|Any CPU.ActiveCfg = Release|Any CPU
		{3D8BE110-CAF9-48B9-B4BC-0097A8E31D2E}.Release|Any CPU.Build.0 = Release|Any CPU
	EndGlobalSection
	GlobalSection(SolutionProperties) = preSolution
		HideSolutionNode = FALSE
	EndGlobalSection
	GlobalSection(ExtensibilityGlobals) = postSolution
		SolutionGuid = {2622D5CF-A5C3-4C2A-A835-417569248809}
	EndGlobalSection
EndGlobal
