
Microsoft Visual Studio Solution File, Format Version 12.00
# Visual Studio Version 17
VisualStudioVersion = 17.14.36408.4 d17.14
MinimumVisualStudioVersion = 10.0.40219.1
Project("{FAE04EC0-301F-11D3-BF4B-00C04F79EFBC}") = "23. Vectores", "23. Vectores\23. Vectores.csproj", "{D2C79048-3B3B-43A7-A329-CC060105F3EE}"
EndProject
Global
	GlobalSection(SolutionConfigurationPlatforms) = preSolution
		Debug|Any CPU = Debug|Any CPU
		Release|Any CPU = Release|Any CPU
	EndGlobalSection
	GlobalSection(ProjectConfigurationPlatforms) = postSolution
		{D2C79048-3B3B-43A7-A329-CC060105F3EE}.Debug|Any CPU.ActiveCfg = Debug|Any CPU
		{D2C79048-3B3B-43A7-A329-CC060105F3EE}.Debug|Any CPU.Build.0 = Debug|Any CPU
		{D2C79048-3B3B-43A7-A329-CC060105F3EE}.Release|Any CPU.ActiveCfg = Release|Any CPU
		{D2C79048-3B3B-43A7-A329-CC060105F3EE}.Release|Any CPU.Build.0 = Release|Any CPU
	EndGlobalSection
	GlobalSection(SolutionProperties) = preSolution
		HideSolutionNode = FALSE
	EndGlobalSection
	GlobalSection(ExtensibilityGlobals) = postSolution
		SolutionGuid = {86518BED-5989-49DB-97B2-3E8C80E2C9FF}
	EndGlobalSection
EndGlobal
