
Microsoft Visual Studio Solution File, Format Version 12.00
# Visual Studio Version 17
VisualStudioVersion = 17.14.36408.4 d17.14
MinimumVisualStudioVersion = 10.0.40219.1
Project("{FAE04EC0-301F-11D3-BF4B-00C04F79EFBC}") = "25. Taller de vectores unidimensionales", "25. Taller de vectores unidimensionales\25. Taller de vectores unidimensionales.csproj", "{F8713222-58ED-4814-8675-0775EC4A7AB7}"
EndProject
Global
	GlobalSection(SolutionConfigurationPlatforms) = preSolution
		Debug|Any CPU = Debug|Any CPU
		Release|Any CPU = Release|Any CPU
	EndGlobalSection
	GlobalSection(ProjectConfigurationPlatforms) = postSolution
		{F8713222-58ED-4814-8675-0775EC4A7AB7}.Debug|Any CPU.ActiveCfg = Debug|Any CPU
		{F8713222-58ED-4814-8675-0775EC4A7AB7}.Debug|Any CPU.Build.0 = Debug|Any CPU
		{F8713222-58ED-4814-8675-0775EC4A7AB7}.Release|Any CPU.ActiveCfg = Release|Any CPU
		{F8713222-58ED-4814-8675-0775EC4A7AB7}.Release|Any CPU.Build.0 = Release|Any CPU
	EndGlobalSection
	GlobalSection(SolutionProperties) = preSolution
		HideSolutionNode = FALSE
	EndGlobalSection
	GlobalSection(ExtensibilityGlobals) = postSolution
		SolutionGuid = {C925FBB7-FDC1-43B4-830E-E862E1DEAC08}
	EndGlobalSection
EndGlobal
