
Microsoft Visual Studio Solution File, Format Version 12.00
# Visual Studio Version 17
VisualStudioVersion = 17.14.36408.4 d17.14
MinimumVisualStudioVersion = 10.0.40219.1
Project("{FAE04EC0-301F-11D3-BF4B-00C04F79EFBC}") = "Segundo taller de programación", "Segundo taller de programación\Segundo taller de programación.csproj", "{168293C7-16EE-43E6-B320-D4FD81622D65}"
EndProject
Global
	GlobalSection(SolutionConfigurationPlatforms) = preSolution
		Debug|Any CPU = Debug|Any CPU
		Release|Any CPU = Release|Any CPU
	EndGlobalSection
	GlobalSection(ProjectConfigurationPlatforms) = postSolution
		{168293C7-16EE-43E6-B320-D4FD81622D65}.Debug|Any CPU.ActiveCfg = Debug|Any CPU
		{168293C7-16EE-43E6-B320-D4FD81622D65}.Debug|Any CPU.Build.0 = Debug|Any CPU
		{168293C7-16EE-43E6-B320-D4FD81622D65}.Release|Any CPU.ActiveCfg = Release|Any CPU
		{168293C7-16EE-43E6-B320-D4FD81622D65}.Release|Any CPU.Build.0 = Release|Any CPU
	EndGlobalSection
	GlobalSection(SolutionProperties) = preSolution
		HideSolutionNode = FALSE
	EndGlobalSection
	GlobalSection(ExtensibilityGlobals) = postSolution
		SolutionGuid = {8FE739E5-DA86-446C-A30D-E11D1FF20130}
	EndGlobalSection
EndGlobal
