
Microsoft Visual Studio Solution File, Format Version 12.00
# Visual Studio Version 17
VisualStudioVersion = 17.14.36408.4 d17.14
MinimumVisualStudioVersion = 10.0.40219.1
Project("{FAE04EC0-301F-11D3-BF4B-00C04F79EFBC}") = "12. While loops 3", "12. While loops 3\12. While loops 3.csproj", "{75DDD0E5-B210-4D9B-9192-FF17BDA9ACF0}"
EndProject
Global
	GlobalSection(SolutionConfigurationPlatforms) = preSolution
		Debug|Any CPU = Debug|Any CPU
		Release|Any CPU = Release|Any CPU
	EndGlobalSection
	GlobalSection(ProjectConfigurationPlatforms) = postSolution
		{75DDD0E5-B210-4D9B-9192-FF17BDA9ACF0}.Debug|Any CPU.ActiveCfg = Debug|Any CPU
		{75DDD0E5-B210-4D9B-9192-FF17BDA9ACF0}.Debug|Any CPU.Build.0 = Debug|Any CPU
		{75DDD0E5-B210-4D9B-9192-FF17BDA9ACF0}.Release|Any CPU.ActiveCfg = Release|Any CPU
		{75DDD0E5-B210-4D9B-9192-FF17BDA9ACF0}.Release|Any CPU.Build.0 = Release|Any CPU
	EndGlobalSection
	GlobalSection(SolutionProperties) = preSolution
		HideSolutionNode = FALSE
	EndGlobalSection
	GlobalSection(ExtensibilityGlobals) = postSolution
		SolutionGuid = {254713BB-9E2D-499D-A20C-4D02C7F4CB57}
	EndGlobalSection
EndGlobal
